
Microsoft Visual Studio Solution File, Format Version 12.00
# Visual Studio Version 17
VisualStudioVersion = 17.14.36121.58 d17.14
MinimumVisualStudioVersion = 10.0.40219.1
Project("{8BC9CEB8-8B4A-11D0-8D11-00A0C91BC942}") = "volunteering", "volunteering.vcxproj", "{BBB6752A-EFDD-4251-B3F3-3FEAA8221F08}"
EndProject
Global
	GlobalSection(SolutionConfigurationPlatforms) = preSolution
		Debug|x64 = Debug|x64
		Release|x64 = Release|x64
	EndGlobalSection
	GlobalSection(ProjectConfigurationPlatforms) = postSolution
		{BBB6752A-EFDD-4251-B3F3-3FEAA8221F08}.Debug|x64.ActiveCfg = Debug|x64
		{BBB6752A-EFDD-4251-B3F3-3FEAA8221F08}.Debug|x64.Build.0 = Debug|x64
		{BBB6752A-EFDD-4251-B3F3-3FEAA8221F08}.Release|x64.ActiveCfg = Release|x64
		{BBB6752A-EFDD-4251-B3F3-3FEAA8221F08}.Release|x64.Build.0 = Release|x64
	EndGlobalSection
	GlobalSection(SolutionProperties) = preSolution
		HideSolutionNode = FALSE
	EndGlobalSection
	GlobalSection(ExtensibilityGlobals) = postSolution
		SolutionGuid = {507535E8-0506-43E5-AB9F-B108522201F0}
	EndGlobalSection
EndGlobal
