
Microsoft Visual Studio Solution File, Format Version 12.00
# Visual Studio Version 17
VisualStudioVersion = 17.14.36121.58 d17.14
MinimumVisualStudioVersion = 10.0.40219.1
Project("{8BC9CEB8-8B4A-11D0-8D11-00A0C91BC942}") = "microbial world", "microbial world.vcxproj", "{13FCCF5A-E97D-4F6A-8A76-E4E2CA400D3B}"
EndProject
Global
	GlobalSection(SolutionConfigurationPlatforms) = preSolution
		Debug|x64 = Debug|x64
		Release|x64 = Release|x64
	EndGlobalSection
	GlobalSection(ProjectConfigurationPlatforms) = postSolution
		{13FCCF5A-E97D-4F6A-8A76-E4E2CA400D3B}.Debug|x64.ActiveCfg = Debug|x64
		{13FCCF5A-E97D-4F6A-8A76-E4E2CA400D3B}.Debug|x64.Build.0 = Debug|x64
		{13FCCF5A-E97D-4F6A-8A76-E4E2CA400D3B}.Release|x64.ActiveCfg = Release|x64
		{13FCCF5A-E97D-4F6A-8A76-E4E2CA400D3B}.Release|x64.Build.0 = Release|x64
	EndGlobalSection
	GlobalSection(SolutionProperties) = preSolution
		HideSolutionNode = FALSE
	EndGlobalSection
	GlobalSection(ExtensibilityGlobals) = postSolution
		SolutionGuid = {890D83C1-0A27-4FB4-90A5-96870B961AB3}
	EndGlobalSection
EndGlobal
