
Microsoft Visual Studio Solution File, Format Version 12.00
# Visual Studio Version 17
VisualStudioVersion = 17.14.36121.58 d17.14
MinimumVisualStudioVersion = 10.0.40219.1
Project("{8BC9CEB8-8B4A-11D0-8D11-00A0C91BC942}") = "task manager", "task manager.vcxproj", "{045F0C28-9AA3-46EE-ACF4-C731F5B1346C}"
EndProject
Global
	GlobalSection(SolutionConfigurationPlatforms) = preSolution
		Debug|x64 = Debug|x64
		Release|x64 = Release|x64
	EndGlobalSection
	GlobalSection(ProjectConfigurationPlatforms) = postSolution
		{045F0C28-9AA3-46EE-ACF4-C731F5B1346C}.Debug|x64.ActiveCfg = Debug|x64
		{045F0C28-9AA3-46EE-ACF4-C731F5B1346C}.Debug|x64.Build.0 = Debug|x64
		{045F0C28-9AA3-46EE-ACF4-C731F5B1346C}.Release|x64.ActiveCfg = Release|x64
		{045F0C28-9AA3-46EE-ACF4-C731F5B1346C}.Release|x64.Build.0 = Release|x64
	EndGlobalSection
	GlobalSection(SolutionProperties) = preSolution
		HideSolutionNode = FALSE
	EndGlobalSection
	GlobalSection(ExtensibilityGlobals) = postSolution
		SolutionGuid = {72F75E5A-20DB-4C91-B988-DA6951D373CE}
	EndGlobalSection
EndGlobal
